
Microsoft Visual Studio Solution File, Format Version 12.00
# Visual Studio Version 16
VisualStudioVersion = 16.0.30907.101
MinimumVisualStudioVersion = 10.0.40219.1
Project("{FAE04EC0-301F-11D3-BF4B-00C04F79EFBC}") = "GeometriaEspacial", "GeometriaEspacial\GeometriaEspacial.csproj", "{D24A1D4B-DB16-43DA-AD59-AA2B980B4107}"
EndProject
Global
	GlobalSection(SolutionConfigurationPlatforms) = preSolution
		Debug|Any CPU = Debug|Any CPU
		Release|Any CPU = Release|Any CPU
	EndGlobalSection
	GlobalSection(ProjectConfigurationPlatforms) = postSolution
		{D24A1D4B-DB16-43DA-AD59-AA2B980B4107}.Debug|Any CPU.ActiveCfg = Debug|Any CPU
		{D24A1D4B-DB16-43DA-AD59-AA2B980B4107}.Debug|Any CPU.Build.0 = Debug|Any CPU
		{D24A1D4B-DB16-43DA-AD59-AA2B980B4107}.Release|Any CPU.ActiveCfg = Release|Any CPU
		{D24A1D4B-DB16-43DA-AD59-AA2B980B4107}.Release|Any CPU.Build.0 = Release|Any CPU
	EndGlobalSection
	GlobalSection(SolutionProperties) = preSolution
		HideSolutionNode = FALSE
	EndGlobalSection
	GlobalSection(ExtensibilityGlobals) = postSolution
		SolutionGuid = {FD38F4EC-056F-4188-81AA-28E65E173722}
	EndGlobalSection
EndGlobal
