
Microsoft Visual Studio Solution File, Format Version 12.00
# Visual Studio Version 16
VisualStudioVersion = 16.0.32002.261
MinimumVisualStudioVersion = 10.0.40219.1
Project("{FAE04EC0-301F-11D3-BF4B-00C04F79EFBC}") = "GeometriaEspacial", "GeometriaEspacial\GeometriaEspacial.csproj", "{73684B4B-3E4C-43B4-A81E-FBB5B651D0C6}"
EndProject
Global
	GlobalSection(SolutionConfigurationPlatforms) = preSolution
		Debug|Any CPU = Debug|Any CPU
		Release|Any CPU = Release|Any CPU
	EndGlobalSection
	GlobalSection(ProjectConfigurationPlatforms) = postSolution
		{73684B4B-3E4C-43B4-A81E-FBB5B651D0C6}.Debug|Any CPU.ActiveCfg = Debug|Any CPU
		{73684B4B-3E4C-43B4-A81E-FBB5B651D0C6}.Debug|Any CPU.Build.0 = Debug|Any CPU
		{73684B4B-3E4C-43B4-A81E-FBB5B651D0C6}.Release|Any CPU.ActiveCfg = Release|Any CPU
		{73684B4B-3E4C-43B4-A81E-FBB5B651D0C6}.Release|Any CPU.Build.0 = Release|Any CPU
	EndGlobalSection
	GlobalSection(SolutionProperties) = preSolution
		HideSolutionNode = FALSE
	EndGlobalSection
	GlobalSection(ExtensibilityGlobals) = postSolution
		SolutionGuid = {869AF1CC-07DB-4A0B-811B-8046CB9039B5}
	EndGlobalSection
EndGlobal
